
Microsoft Visual Studio Solution File, Format Version 12.00
# Visual Studio Version 16
VisualStudioVersion = 16.0.33214.272
MinimumVisualStudioVersion = 10.0.40219.1
Project("{FAE04EC0-301F-11D3-BF4B-00C04F79EFBC}") = "BytesDecodeDll", "BytesDecodeDll.csproj", "{5B207048-EEAF-4A7B-B8ED-E2A6DEC001A1}"
EndProject
Global
	GlobalSection(SolutionConfigurationPlatforms) = preSolution
		Debug|Any CPU = Debug|Any CPU
		Release|Any CPU = Release|Any CPU
	EndGlobalSection
	GlobalSection(ProjectConfigurationPlatforms) = postSolution
		{5B207048-EEAF-4A7B-B8ED-E2A6DEC001A1}.Debug|Any CPU.ActiveCfg = Debug|Any CPU
		{5B207048-EEAF-4A7B-B8ED-E2A6DEC001A1}.Debug|Any CPU.Build.0 = Debug|Any CPU
		{5B207048-EEAF-4A7B-B8ED-E2A6DEC001A1}.Release|Any CPU.ActiveCfg = Release|Any CPU
		{5B207048-EEAF-4A7B-B8ED-E2A6DEC001A1}.Release|Any CPU.Build.0 = Release|Any CPU
	EndGlobalSection
	GlobalSection(SolutionProperties) = preSolution
		HideSolutionNode = FALSE
	EndGlobalSection
	GlobalSection(ExtensibilityGlobals) = postSolution
		SolutionGuid = {25A10358-C68F-4F20-BF2A-33B225DB822F}
	EndGlobalSection
EndGlobal
